PODS:
  - Flutter (1.0.0)
  - getuiflut (0.0.1):
    - Flutter
    - GTSDK
  - GTSDK (2.3.1.0)

DEPENDENCIES:
  - Flutter (from `.symlinks/flutter/ios`)
  - getuiflut (from `.symlinks/plugins/getuiflut/ios`)

SPEC REPOS:
  https://github.com/cocoapods/specs.git:
    - GTSDK

EXTERNAL SOURCES:
  Flutter:
    :path: ".symlinks/flutter/ios"
  getuiflut:
    :path: ".symlinks/plugins/getuiflut/ios"

SPEC CHECKSUMS:
  Flutter: 58dd7d1b27887414a370fcccb9e645c08ffd7a6a
  getuiflut: c596bd63fc329462b511b6c1f2c18819d3359260
  GTSDK: 494ef4408b38bb637d6020068aac7f26cbe9d82e

PODFILE CHECKSUM: aff02bfeed411c636180d6812254b2daeea14d09

COCOAPODS: 1.6.1
