PODS:
  - Flutter (1.0.0)
  - getuiflut (0.0.1):
    - Flutter
    - GTSDK
  - GTCommonSDK (3.1.10.0):
    - ZXSDK
  - GTSDK (3.0.10.0):
    - GTCommonSDK (> 3.0.9.0)
  - ZXSDK (3.3.2)

DEPENDENCIES:
  - Flutter (from `Flutter`)
  - getuiflut (from `.symlinks/plugins/getuiflut/ios`)

SPEC REPOS:
  https://github.com/CocoaPods/Specs.git:
    - GTCommonSDK
    - GTSDK
    - ZXSDK

EXTERNAL SOURCES:
  Flutter:
    :path: Flutter
  getuiflut:
    :path: ".symlinks/plugins/getuiflut/ios"

SPEC CHECKSUMS:
  Flutter: cabc95a1d2626b1b06e7179b784ebcf0c0cde467
  getuiflut: ea9b200062f474810671171f9f36985ff5d431d0
  GTCommonSDK: aa0cdaada5e31c2dc173c8170127d50f16a439c7
  GTSDK: 1a2e62b50cf265046c2e48cdb88cd3d8e62bd7ea
  ZXSDK: 786338c0a18e98e03eda00699c3bfd2700b97117

PODFILE CHECKSUM: 5b2178d2ba7918cc634057a5ee2c59098ebd663d

COCOAPODS: 1.16.2
